# THIS IS AN AUTOGENERATED FILE. DO NOT EDIT THIS FILE DIRECTLY.
# yarn lockfile v1


"@vant/weapp@^1.0.7":
  version "1.3.2"
  resolved "https://registry.npm.taobao.org/@vant/weapp/download/@vant/weapp-1.3.2.tgz#b7548447625cce17a0e9d33e4f257cee44dae5c9"
  integrity sha1-t1SER2Jczheg6dM+TyV87kTa5ck=

dayjs@^1.8.22:
  version "1.8.28"
  resolved "https://registry.npm.taobao.org/dayjs/download/dayjs-1.8.28.tgz#37aa6201df483d089645cb6c8f6cef6f0c4dbc07"
  integrity sha1-N6piAd9IPQiWRctsj2zvbwxNvAc=

lodash@^4.17.19:
  version "4.17.19"
  resolved "https://registry.yarnpkg.com/lodash/-/lodash-4.17.19.tgz#e48ddedbe30b3321783c5b4301fbd353bc1e4a4b"
  integrity sha512-JNvd8XER9GQX0v2qJgsaN/mzFCNA5BRe/j8JN9d+tWyGLSodKQHKFicdwNYzWwI3wjRnaKPsGj1XkBjx/F96DQ==
