# THIS IS AN AUTOGENERATED FILE. DO NOT EDIT THIS FILE DIRECTLY.
# yarn lockfile v1


"@vant/weapp@^1.0.7":
  "integrity" "sha512-F7gkcVKLTh4Pt17ukZnpZmn78CbtfmUtxSZif02ysyXZmqtAf1aAUffL3i1y+qzGWCXF4y/OVkOBVQVrKHI4MA=="
  "resolved" "https://registry.npmjs.org/@vant/weapp/-/weapp-1.0.7.tgz"
  "version" "1.0.7"

"dayjs@^1.8.22":
  "integrity" "sha512-N8IXfxBD62Y9cKTuuuSoOlCXRnnzaTj1vu91r855iq6FbY5cZqOZnW/95nUn6kJiR+W9PHHrLykEoQOe6fUKxQ=="
  "resolved" "https://registry.npmjs.org/dayjs/-/dayjs-1.8.22.tgz"
  "version" "1.8.22"

"lodash@^4.17.15":
  "integrity" "sha512-8xOcRHvCjnocdS5cpwXQXVzmmh5e5+saE2QGoeQmbKmRS6J3VQppPOIt0MnmE+4xlZoumy0GPG0D0MVIQbNA1A=="
  "resolved" "https://registry.npmjs.org/lodash/-/lodash-4.17.15.tgz"
  "version" "4.17.15"
