# THIS IS AN AUTOGENERATED FILE. DO NOT EDIT THIS FILE DIRECTLY.
# yarn lockfile v1


"@vant/weapp@^1.0.7":
  version "1.3.2"
  resolved "https://registry.npm.taobao.org/@vant/weapp/download/@vant/weapp-1.3.2.tgz#b7548447625cce17a0e9d33e4f257cee44dae5c9"
  integrity sha1-t1SER2Jczheg6dM+TyV87kTa5ck=

dayjs@^1.8.22:
  version "1.8.28"
  resolved "https://registry.npm.taobao.org/dayjs/download/dayjs-1.8.28.tgz#37aa6201df483d089645cb6c8f6cef6f0c4dbc07"
  integrity sha1-N6piAd9IPQiWRctsj2zvbwxNvAc=

lodash@^4.17.15:
  version "4.17.15"
  resolved "https://registry.npm.taobao.org/lodash/download/lodash-4.17.15.tgz?cache=0&sync_timestamp=1571657272199&other_urls=https%3A%2F%2Fregistry.npm.taobao.org%2Flodash%2Fdownload%2Flodash-4.17.15.tgz#b447f6670a0455bbfeedd11392eff330ea097548"
  integrity sha1-tEf2ZwoEVbv+7dETku/zMOoJdUg=
